
Microsoft Visual Studio Solution File, Format Version 12.00
# Visual Studio Version 17
VisualStudioVersion = 17.8.34525.116
MinimumVisualStudioVersion = 10.0.40219.1
Project("{FAE04EC0-301F-11D3-BF4B-00C04F79EFBC}") = "MediatorPattern", "MediatorPattern.csproj", "{A85C11F6-747E-4356-9E13-34B9F6D0E9E1}"
EndProject
Global
	GlobalSection(SolutionConfigurationPlatforms) = preSolution
		Debug|Any CPU = Debug|Any CPU
		Release|Any CPU = Release|Any CPU
	EndGlobalSection
	GlobalSection(ProjectConfigurationPlatforms) = postSolution
		{A85C11F6-747E-4356-9E13-34B9F6D0E9E1}.Debug|Any CPU.ActiveCfg = Debug|Any CPU
		{A85C11F6-747E-4356-9E13-34B9F6D0E9E1}.Debug|Any CPU.Build.0 = Debug|Any CPU
		{A85C11F6-747E-4356-9E13-34B9F6D0E9E1}.Release|Any CPU.ActiveCfg = Release|Any CPU
		{A85C11F6-747E-4356-9E13-34B9F6D0E9E1}.Release|Any CPU.Build.0 = Release|Any CPU
	EndGlobalSection
	GlobalSection(SolutionProperties) = preSolution
		HideSolutionNode = FALSE
	EndGlobalSection
	GlobalSection(ExtensibilityGlobals) = postSolution
		SolutionGuid = {D9E0F37F-05B3-4C9C-A011-F66EFD9D537D}
	EndGlobalSection
EndGlobal
